// !$*UTF8*$!
{
	archiveVersion = 1;
	classes = {
	};
	objectVersion = 56;
	objects = {

/* Begin PBXBuildFile section */
		99E6DD522C080E9B00C39820 /* AppDelegate.swift in Sources */ = {isa = PBXBuildFile; fileRef = 99E6DD512C080E9B00C39820 /* AppDelegate.swift */; };
		99E6DD542C080E9B00C39820 /* SceneDelegate.swift in Sources */ = {isa = PBXBuildFile; fileRef = 99E6DD532C080E9B00C39820 /* SceneDelegate.swift */; };
		99E6DD562C080E9B00C39820 /* ViewController.swift in Sources */ = {isa = PBXBuildFile; fileRef = 99E6DD552C080E9B00C39820 /* ViewController.swift */; };
		99E6DD592C080E9B00C39820 /* Base in Resources */ = {isa = PBXBuildFile; fileRef = 99E6DD582C080E9B00C39820 /* Base */; };
		99E6DD5C2C080E9B00C39820 /* ToDoList_clean_architecture.xcdatamodeld in Sources */ = {isa = PBXBuildFile; fileRef = 99E6DD5A2C080E9B00C39820 /* ToDoList_clean_architecture.xcdatamodeld */; };
		99E6DD5E2C080EA000C39820 /* Assets.xcassets in Resources */ = {isa = PBXBuildFile; fileRef = 99E6DD5D2C080EA000C39820 /* Assets.xcassets */; };
		99E6DD612C080EA000C39820 /* Base in Resources */ = {isa = PBXBuildFile; fileRef = 99E6DD602C080EA000C39820 /* Base */; };
		99E6DD752C08108E00C39820 /* Todo.swift in Sources */ = {isa = PBXBuildFile; fileRef = 99E6DD742C08108E00C39820 /* Todo.swift */; };
		99E6DD772C0810B100C39820 /* TodoUseCase.swift in Sources */ = {isa = PBXBuildFile; fileRef = 99E6DD762C0810B100C39820 /* TodoUseCase.swift */; };
		99E6DD792C08112100C39820 /* TodoRepository.swift in Sources */ = {isa = PBXBuildFile; fileRef = 99E6DD782C08112100C39820 /* TodoRepository.swift */; };
		99E6DD7B2C08117B00C39820 /* TodoRepositoryImpl.swift in Sources */ = {isa = PBXBuildFile; fileRef = 99E6DD7A2C08117B00C39820 /* TodoRepositoryImpl.swift */; };
		99E6DD7D2C08120400C39820 /* TodoListViewModel.swift in Sources */ = {isa = PBXBuildFile; fileRef = 99E6DD7C2C08120400C39820 /* TodoListViewModel.swift */; };
		99E6DD7F2C0812B000C39820 /* TodoListViewController.swift in Sources */ = {isa = PBXBuildFile; fileRef = 99E6DD7E2C0812B000C39820 /* TodoListViewController.swift */; };
/* End PBXBuildFile section */

/* Begin PBXFileReference section */
		99E6DD4E2C080E9B00C39820 /* ToDoList-clean architecture.app */ = {isa = PBXFileReference; explicitFileType = wrapper.application; includeInIndex = 0; path = "ToDoList-clean architecture.app"; sourceTree = BUILT_PRODUCTS_DIR; };
		99E6DD512C080E9B00C39820 /* AppDelegate.swift */ = {isa = PBXFileReference; lastKnownFileType = sourcecode.swift; path = AppDelegate.swift; sourceTree = "<group>"; };
		99E6DD532C080E9B00C39820 /* SceneDelegate.swift */ = {isa = PBXFileReference; lastKnownFileType = sourcecode.swift; path = SceneDelegate.swift; sourceTree = "<group>"; };
		99E6DD552C080E9B00C39820 /* ViewController.swift */ = {isa = PBXFileReference; lastKnownFileType = sourcecode.swift; path = ViewController.swift; sourceTree = "<group>"; };
		99E6DD582C080E9B00C39820 /* Base */ = {isa = PBXFileReference; lastKnownFileType = file.storyboard; name = Base; path = Base.lproj/Main.storyboard; sourceTree = "<group>"; };
		99E6DD5B2C080E9B00C39820 /* ToDoList_clean_architecture.xcdatamodel */ = {isa = PBXFileReference; lastKnownFileType = wrapper.xcdatamodel; path = ToDoList_clean_architecture.xcdatamodel; sourceTree = "<group>"; };
		99E6DD5D2C080EA000C39820 /* Assets.xcassets */ = {isa = PBXFileReference; lastKnownFileType = folder.assetcatalog; path = Assets.xcassets; sourceTree = "<group>"; };
		99E6DD602C080EA000C39820 /* Base */ = {isa = PBXFileReference; lastKnownFileType = file.storyboard; name = Base; path = Base.lproj/LaunchScreen.storyboard; sourceTree = "<group>"; };
		99E6DD622C080EA000C39820 /* Info.plist */ = {isa = PBXFileReference; lastKnownFileType = text.plist.xml; path = Info.plist; sourceTree = "<group>"; };
		99E6DD742C08108E00C39820 /* Todo.swift */ = {isa = PBXFileReference; lastKnownFileType = sourcecode.swift; path = Todo.swift; sourceTree = "<group>"; };
		99E6DD762C0810B100C39820 /* TodoUseCase.swift */ = {isa = PBXFileReference; lastKnownFileType = sourcecode.swift; path = TodoUseCase.swift; sourceTree = "<group>"; };
		99E6DD782C08112100C39820 /* TodoRepository.swift */ = {isa = PBXFileReference; lastKnownFileType = sourcecode.swift; path = TodoRepository.swift; sourceTree = "<group>"; };
		99E6DD7A2C08117B00C39820 /* TodoRepositoryImpl.swift */ = {isa = PBXFileReference; lastKnownFileType = sourcecode.swift; path = TodoRepositoryImpl.swift; sourceTree = "<group>"; };
		99E6DD7C2C08120400C39820 /* TodoListViewModel.swift */ = {isa = PBXFileReference; lastKnownFileType = sourcecode.swift; path = TodoListViewModel.swift; sourceTree = "<group>"; };
		99E6DD7E2C0812B000C39820 /* TodoListViewController.swift */ = {isa = PBXFileReference; lastKnownFileType = sourcecode.swift; path = TodoListViewController.swift; sourceTree = "<group>"; };
/* End PBXFileReference section */

/* Begin PBXFrameworksBuildPhase section */
		99E6DD4B2C080E9B00C39820 /* Frameworks */ = {
			isa = PBXFrameworksBuildPhase;
			buildActionMask = 2147483647;
			files = (
			);
			runOnlyForDeploymentPostprocessing = 0;
		};
/* End PBXFrameworksBuildPhase section */

/* Begin PBXGroup section */
		99E6DD452C080E9B00C39820 = {
			isa = PBXGroup;
			children = (
				99E6DD502C080E9B00C39820 /* ToDoList-clean architecture */,
				99E6DD4F2C080E9B00C39820 /* Products */,
			);
			sourceTree = "<group>";
		};
		99E6DD4F2C080E9B00C39820 /* Products */ = {
			isa = PBXGroup;
			children = (
				99E6DD4E2C080E9B00C39820 /* ToDoList-clean architecture.app */,
			);
			name = Products;
			sourceTree = "<group>";
		};
		99E6DD502C080E9B00C39820 /* ToDoList-clean architecture */ = {
			isa = PBXGroup;
			children = (
				99E6DD512C080E9B00C39820 /* AppDelegate.swift */,
				99E6DD532C080E9B00C39820 /* SceneDelegate.swift */,
				99E6DD682C080FEB00C39820 /* Domain */,
				99E6DD6B2C08100400C39820 /* Data */,
				99E6DD6F2C08101C00C39820 /* Presentation */,
				99E6DD732C08103400C39820 /* Resources */,
				99E6DD552C080E9B00C39820 /* ViewController.swift */,
				99E6DD572C080E9B00C39820 /* Main.storyboard */,
				99E6DD5F2C080EA000C39820 /* LaunchScreen.storyboard */,
				99E6DD5A2C080E9B00C39820 /* ToDoList_clean_architecture.xcdatamodeld */,
			);
			path = "ToDoList-clean architecture";
			sourceTree = "<group>";
		};
		99E6DD682C080FEB00C39820 /* Domain */ = {
			isa = PBXGroup;
			children = (
				99E6DD692C080FF300C39820 /* Entities */,
				99E6DD6A2C080FF900C39820 /* UseCases */,
			);
			path = Domain;
			sourceTree = "<group>";
		};
		99E6DD692C080FF300C39820 /* Entities */ = {
			isa = PBXGroup;
			children = (
				99E6DD742C08108E00C39820 /* Todo.swift */,
			);
			path = Entities;
			sourceTree = "<group>";
		};
		99E6DD6A2C080FF900C39820 /* UseCases */ = {
			isa = PBXGroup;
			children = (
				99E6DD762C0810B100C39820 /* TodoUseCase.swift */,
			);
			path = UseCases;
			sourceTree = "<group>";
		};
		99E6DD6B2C08100400C39820 /* Data */ = {
			isa = PBXGroup;
			children = (
				99E6DD6E2C08101500C39820 /* Network */,
				99E6DD6D2C08101000C39820 /* DataModels */,
				99E6DD6C2C08100700C39820 /* Repositories */,
			);
			path = Data;
			sourceTree = "<group>";
		};
		99E6DD6C2C08100700C39820 /* Repositories */ = {
			isa = PBXGroup;
			children = (
				99E6DD782C08112100C39820 /* TodoRepository.swift */,
				99E6DD7A2C08117B00C39820 /* TodoRepositoryImpl.swift */,
			);
			path = Repositories;
			sourceTree = "<group>";
		};
		99E6DD6D2C08101000C39820 /* DataModels */ = {
			isa = PBXGroup;
			children = (
			);
			path = DataModels;
			sourceTree = "<group>";
		};
		99E6DD6E2C08101500C39820 /* Network */ = {
			isa = PBXGroup;
			children = (
			);
			path = Network;
			sourceTree = "<group>";
		};
		99E6DD6F2C08101C00C39820 /* Presentation */ = {
			isa = PBXGroup;
			children = (
				99E6DD722C08102C00C39820 /* ViewModels */,
				99E6DD712C08102800C39820 /* Views */,
				99E6DD702C08102200C39820 /* ViewControllers */,
			);
			path = Presentation;
			sourceTree = "<group>";
		};
		99E6DD702C08102200C39820 /* ViewControllers */ = {
			isa = PBXGroup;
			children = (
				99E6DD7E2C0812B000C39820 /* TodoListViewController.swift */,
			);
			path = ViewControllers;
			sourceTree = "<group>";
		};
		99E6DD712C08102800C39820 /* Views */ = {
			isa = PBXGroup;
			children = (
			);
			path = Views;
			sourceTree = "<group>";
		};
		99E6DD722C08102C00C39820 /* ViewModels */ = {
			isa = PBXGroup;
			children = (
				99E6DD7C2C08120400C39820 /* TodoListViewModel.swift */,
			);
			path = ViewModels;
			sourceTree = "<group>";
		};
		99E6DD732C08103400C39820 /* Resources */ = {
			isa = PBXGroup;
			children = (
				99E6DD5D2C080EA000C39820 /* Assets.xcassets */,
				99E6DD622C080EA000C39820 /* Info.plist */,
			);
			path = Resources;
			sourceTree = "<group>";
		};
/* End PBXGroup section */

/* Begin PBXNativeTarget section */
		99E6DD4D2C080E9B00C39820 /* ToDoList-clean architecture */ = {
			isa = PBXNativeTarget;
			buildConfigurationList = 99E6DD652C080EA000C39820 /* Build configuration list for PBXNativeTarget "ToDoList-clean architecture" */;
			buildPhases = (
				99E6DD4A2C080E9B00C39820 /* Sources */,
				99E6DD4B2C080E9B00C39820 /* Frameworks */,
				99E6DD4C2C080E9B00C39820 /* Resources */,
			);
			buildRules = (
			);
			dependencies = (
			);
			name = "ToDoList-clean architecture";
			productName = "ToDoList-clean architecture";
			productReference = 99E6DD4E2C080E9B00C39820 /* ToDoList-clean architecture.app */;
			productType = "com.apple.product-type.application";
		};
/* End PBXNativeTarget section */

/* Begin PBXProject section */
		99E6DD462C080E9B00C39820 /* Project object */ = {
			isa = PBXProject;
			attributes = {
				BuildIndependentTargetsInParallel = 1;
				LastSwiftUpdateCheck = 1540;
				LastUpgradeCheck = 1540;
				TargetAttributes = {
					99E6DD4D2C080E9B00C39820 = {
						CreatedOnToolsVersion = 15.4;
					};
				};
			};
			buildConfigurationList = 99E6DD492C080E9B00C39820 /* Build configuration list for PBXProject "ToDoList-clean architecture" */;
			compatibilityVersion = "Xcode 14.0";
			developmentRegion = en;
			hasScannedForEncodings = 0;
			knownRegions = (
				en,
				Base,
			);
			mainGroup = 99E6DD452C080E9B00C39820;
			productRefGroup = 99E6DD4F2C080E9B00C39820 /* Products */;
			projectDirPath = "";
			projectRoot = "";
			targets = (
				99E6DD4D2C080E9B00C39820 /* ToDoList-clean architecture */,
			);
		};
/* End PBXProject section */

/* Begin PBXResourcesBuildPhase section */
		99E6DD4C2C080E9B00C39820 /* Resources */ = {
			isa = PBXResourcesBuildPhase;
			buildActionMask = 2147483647;
			files = (
				99E6DD5E2C080EA000C39820 /* Assets.xcassets in Resources */,
				99E6DD612C080EA000C39820 /* Base in Resources */,
				99E6DD592C080E9B00C39820 /* Base in Resources */,
			);
			runOnlyForDeploymentPostprocessing = 0;
		};
/* End PBXResourcesBuildPhase section */

/* Begin PBXSourcesBuildPhase section */
		99E6DD4A2C080E9B00C39820 /* Sources */ = {
			isa = PBXSourcesBuildPhase;
			buildActionMask = 2147483647;
			files = (
				99E6DD562C080E9B00C39820 /* ViewController.swift in Sources */,
				99E6DD522C080E9B00C39820 /* AppDelegate.swift in Sources */,
				99E6DD5C2C080E9B00C39820 /* ToDoList_clean_architecture.xcdatamodeld in Sources */,
				99E6DD7B2C08117B00C39820 /* TodoRepositoryImpl.swift in Sources */,
				99E6DD7F2C0812B000C39820 /* TodoListViewController.swift in Sources */,
				99E6DD7D2C08120400C39820 /* TodoListViewModel.swift in Sources */,
				99E6DD792C08112100C39820 /* TodoRepository.swift in Sources */,
				99E6DD772C0810B100C39820 /* TodoUseCase.swift in Sources */,
				99E6DD542C080E9B00C39820 /* SceneDelegate.swift in Sources */,
				99E6DD752C08108E00C39820 /* Todo.swift in Sources */,
			);
			runOnlyForDeploymentPostprocessing = 0;
		};
/* End PBXSourcesBuildPhase section */

/* Begin PBXVariantGroup section */
		99E6DD572C080E9B00C39820 /* Main.storyboard */ = {
			isa = PBXVariantGroup;
			children = (
				99E6DD582C080E9B00C39820 /* Base */,
			);
			name = Main.storyboard;
			sourceTree = "<group>";
		};
		99E6DD5F2C080EA000C39820 /* LaunchScreen.storyboard */ = {
			isa = PBXVariantGroup;
			children = (
				99E6DD602C080EA000C39820 /* Base */,
			);
			name = LaunchScreen.storyboard;
			sourceTree = "<group>";
		};
/* End PBXVariantGroup section */

/* Begin XCBuildConfiguration section */
		99E6DD632C080EA000C39820 /* Debug */ = {
			isa = XCBuildConfiguration;
			buildSettings = {
				ALWAYS_SEARCH_USER_PATHS = NO;
				ASSETCATALOG_COMPILER_GENERATE_SWIFT_ASSET_SYMBOL_EXTENSIONS = YES;
				CLANG_ANALYZER_NONNULL = YES;
				CLANG_ANALYZER_NUMBER_OBJECT_CONVERSION = YES_AGGRESSIVE;
				CLANG_CXX_LANGUAGE_STANDARD = "gnu++20";
				CLANG_ENABLE_MODULES = YES;
				CLANG_ENABLE_OBJC_ARC = YES;
				CLANG_ENABLE_OBJC_WEAK = YES;
				CLANG_WARN_BLOCK_CAPTURE_AUTORELEASING = YES;
				CLANG_WARN_BOOL_CONVERSION = YES;
				CLANG_WARN_COMMA = YES;
				CLANG_WARN_CONSTANT_CONVERSION = YES;
				CLANG_WARN_DEPRECATED_OBJC_IMPLEMENTATIONS = YES;
				CLANG_WARN_DIRECT_OBJC_ISA_USAGE = YES_ERROR;
				CLANG_WARN_DOCUMENTATION_COMMENTS = YES;
				CLANG_WARN_EMPTY_BODY = YES;
				CLANG_WARN_ENUM_CONVERSION = YES;
				CLANG_WARN_INFINITE_RECURSION = YES;
				CLANG_WARN_INT_CONVERSION = YES;
				CLANG_WARN_NON_LITERAL_NULL_CONVERSION = YES;
				CLANG_WARN_OBJC_IMPLICIT_RETAIN_SELF = YES;
				CLANG_WARN_OBJC_LITERAL_CONVERSION = YES;
				CLANG_WARN_OBJC_ROOT_CLASS = YES_ERROR;
				CLANG_WARN_QUOTED_INCLUDE_IN_FRAMEWORK_HEADER = YES;
				CLANG_WARN_RANGE_LOOP_ANALYSIS = YES;
				CLANG_WARN_STRICT_PROTOTYPES = YES;
				CLANG_WARN_SUSPICIOUS_MOVE = YES;
				CLANG_WARN_UNGUARDED_AVAILABILITY = YES_AGGRESSIVE;
				CLANG_WARN_UNREACHABLE_CODE = YES;
				CLANG_WARN__DUPLICATE_METHOD_MATCH = YES;
				COPY_PHASE_STRIP = NO;
				DEBUG_INFORMATION_FORMAT = dwarf;
				ENABLE_STRICT_OBJC_MSGSEND = YES;
				ENABLE_TESTABILITY = YES;
				ENABLE_USER_SCRIPT_SANDBOXING = YES;
				GCC_C_LANGUAGE_STANDARD = gnu17;
				GCC_DYNAMIC_NO_PIC = NO;
				GCC_NO_COMMON_BLOCKS = YES;
				GCC_OPTIMIZATION_LEVEL = 0;
				GCC_PREPROCESSOR_DEFINITIONS = (
					"DEBUG=1",
					"$(inherited)",
				);
				GCC_WARN_64_TO_32_BIT_CONVERSION = YES;
				GCC_WARN_ABOUT_RETURN_TYPE = YES_ERROR;
				GCC_WARN_UNDECLARED_SELECTOR = YES;
				GCC_WARN_UNINITIALIZED_AUTOS = YES_AGGRESSIVE;
				GCC_WARN_UNUSED_FUNCTION = YES;
				GCC_WARN_UNUSED_VARIABLE = YES;
				IPHONEOS_DEPLOYMENT_TARGET = 17.5;
				LOCALIZATION_PREFERS_STRING_CATALOGS = YES;
				MTL_ENABLE_DEBUG_INFO = INCLUDE_SOURCE;
				MTL_FAST_MATH = YES;
				ONLY_ACTIVE_ARCH = YES;
				SDKROOT = iphoneos;
				SWIFT_ACTIVE_COMPILATION_CONDITIONS = "DEBUG $(inherited)";
				SWIFT_OPTIMIZATION_LEVEL = "-Onone";
			};
			name = Debug;
		};
		99E6DD642C080EA000C39820 /* Release */ = {
			isa = XCBuildConfiguration;
			buildSettings = {
				ALWAYS_SEARCH_USER_PATHS = NO;
				ASSETCATALOG_COMPILER_GENERATE_SWIFT_ASSET_SYMBOL_EXTENSIONS = YES;
				CLANG_ANALYZER_NONNULL = YES;
				CLANG_ANALYZER_NUMBER_OBJECT_CONVERSION = YES_AGGRESSIVE;
				CLANG_CXX_LANGUAGE_STANDARD = "gnu++20";
				CLANG_ENABLE_MODULES = YES;
				CLANG_ENABLE_OBJC_ARC = YES;
				CLANG_ENABLE_OBJC_WEAK = YES;
				CLANG_WARN_BLOCK_CAPTURE_AUTORELEASING = YES;
				CLANG_WARN_BOOL_CONVERSION = YES;
				CLANG_WARN_COMMA = YES;
				CLANG_WARN_CONSTANT_CONVERSION = YES;
				CLANG_WARN_DEPRECATED_OBJC_IMPLEMENTATIONS = YES;
				CLANG_WARN_DIRECT_OBJC_ISA_USAGE = YES_ERROR;
				CLANG_WARN_DOCUMENTATION_COMMENTS = YES;
				CLANG_WARN_EMPTY_BODY = YES;
				CLANG_WARN_ENUM_CONVERSION = YES;
				CLANG_WARN_INFINITE_RECURSION = YES;
				CLANG_WARN_INT_CONVERSION = YES;
				CLANG_WARN_NON_LITERAL_NULL_CONVERSION = YES;
				CLANG_WARN_OBJC_IMPLICIT_RETAIN_SELF = YES;
				CLANG_WARN_OBJC_LITERAL_CONVERSION = YES;
				CLANG_WARN_OBJC_ROOT_CLASS = YES_ERROR;
				CLANG_WARN_QUOTED_INCLUDE_IN_FRAMEWORK_HEADER = YES;
				CLANG_WARN_RANGE_LOOP_ANALYSIS = YES;
				CLANG_WARN_STRICT_PROTOTYPES = YES;
				CLANG_WARN_SUSPICIOUS_MOVE = YES;
				CLANG_WARN_UNGUARDED_AVAILABILITY = YES_AGGRESSIVE;
				CLANG_WARN_UNREACHABLE_CODE = YES;
				CLANG_WARN__DUPLICATE_METHOD_MATCH = YES;
				COPY_PHASE_STRIP = NO;
				DEBUG_INFORMATION_FORMAT = "dwarf-with-dsym";
				ENABLE_NS_ASSERTIONS = NO;
				ENABLE_STRICT_OBJC_MSGSEND = YES;
				ENABLE_USER_SCRIPT_SANDBOXING = YES;
				GCC_C_LANGUAGE_STANDARD = gnu17;
				GCC_NO_COMMON_BLOCKS = YES;
				GCC_WARN_64_TO_32_BIT_CONVERSION = YES;
				GCC_WARN_ABOUT_RETURN_TYPE = YES_ERROR;
				GCC_WARN_UNDECLARED_SELECTOR = YES;
				GCC_WARN_UNINITIALIZED_AUTOS = YES_AGGRESSIVE;
				GCC_WARN_UNUSED_FUNCTION = YES;
				GCC_WARN_UNUSED_VARIABLE = YES;
				IPHONEOS_DEPLOYMENT_TARGET = 17.5;
				LOCALIZATION_PREFERS_STRING_CATALOGS = YES;
				MTL_ENABLE_DEBUG_INFO = NO;
				MTL_FAST_MATH = YES;
				SDKROOT = iphoneos;
				SWIFT_COMPILATION_MODE = wholemodule;
				VALIDATE_PRODUCT = YES;
			};
			name = Release;
		};
		99E6DD662C080EA000C39820 /* Debug */ = {
			isa = XCBuildConfiguration;
			buildSettings = {
				ASSETCATALOG_COMPILER_APPICON_NAME = AppIcon;
				ASSETCATALOG_COMPILER_GLOBAL_ACCENT_COLOR_NAME = AccentColor;
				CODE_SIGN_STYLE = Automatic;
				CURRENT_PROJECT_VERSION = 1;
				DEVELOPMENT_TEAM = 8CKPNKA3V9;
				GENERATE_INFOPLIST_FILE = YES;
				INFOPLIST_FILE = "ToDoList-clean architecture/Info.plist";
				INFOPLIST_KEY_UIApplicationSupportsIndirectInputEvents = YES;
				INFOPLIST_KEY_UILaunchStoryboardName = LaunchScreen;
				INFOPLIST_KEY_UIMainStoryboardFile = Main;
				INFOPLIST_KEY_UISupportedInterfaceOrientations_iPad = "UIInterfaceOrientationPortrait UIInterfaceOrientationPortraitUpsideDown UIInterfaceOrientationLandscapeLeft UIInterfaceOrientationLandscapeRight";
				INFOPLIST_KEY_UISupportedInterfaceOrientations_iPhone = "UIInterfaceOrientationPortrait UIInterfaceOrientationLandscapeLeft UIInterfaceOrientationLandscapeRight";
				IPHONEOS_DEPLOYMENT_TARGET = 13.0;
				LD_RUNPATH_SEARCH_PATHS = (
					"$(inherited)",
					"@executable_path/Frameworks",
				);
				MARKETING_VERSION = 1.0;
				PRODUCT_BUNDLE_IDENTIFIER = "com.Ben.ToDoList-clean-architecture";
				PRODUCT_NAME = "$(TARGET_NAME)";
				SUPPORTED_PLATFORMS = "iphoneos iphonesimulator";
				SUPPORTS_MACCATALYST = NO;
				SUPPORTS_XR_DESIGNED_FOR_IPHONE_IPAD = NO;
				SWIFT_EMIT_LOC_STRINGS = YES;
				SWIFT_VERSION = 5.0;
				TARGETED_DEVICE_FAMILY = "1,2";
			};
			name = Debug;
		};
		99E6DD672C080EA000C39820 /* Release */ = {
			isa = XCBuildConfiguration;
			buildSettings = {
				ASSETCATALOG_COMPILER_APPICON_NAME = AppIcon;
				ASSETCATALOG_COMPILER_GLOBAL_ACCENT_COLOR_NAME = AccentColor;
				CODE_SIGN_STYLE = Automatic;
				CURRENT_PROJECT_VERSION = 1;
				DEVELOPMENT_TEAM = 8CKPNKA3V9;
				GENERATE_INFOPLIST_FILE = YES;
				INFOPLIST_FILE = "ToDoList-clean architecture/Info.plist";
				INFOPLIST_KEY_UIApplicationSupportsIndirectInputEvents = YES;
				INFOPLIST_KEY_UILaunchStoryboardName = LaunchScreen;
				INFOPLIST_KEY_UIMainStoryboardFile = Main;
				INFOPLIST_KEY_UISupportedInterfaceOrientations_iPad = "UIInterfaceOrientationPortrait UIInterfaceOrientationPortraitUpsideDown UIInterfaceOrientationLandscapeLeft UIInterfaceOrientationLandscapeRight";
				INFOPLIST_KEY_UISupportedInterfaceOrientations_iPhone = "UIInterfaceOrientationPortrait UIInterfaceOrientationLandscapeLeft UIInterfaceOrientationLandscapeRight";
				IPHONEOS_DEPLOYMENT_TARGET = 13.0;
				LD_RUNPATH_SEARCH_PATHS = (
					"$(inherited)",
					"@executable_path/Frameworks",
				);
				MARKETING_VERSION = 1.0;
				PRODUCT_BUNDLE_IDENTIFIER = "com.Ben.ToDoList-clean-architecture";
				PRODUCT_NAME = "$(TARGET_NAME)";
				SUPPORTED_PLATFORMS = "iphoneos iphonesimulator";
				SUPPORTS_MACCATALYST = NO;
				SUPPORTS_XR_DESIGNED_FOR_IPHONE_IPAD = NO;
				SWIFT_EMIT_LOC_STRINGS = YES;
				SWIFT_VERSION = 5.0;
				TARGETED_DEVICE_FAMILY = "1,2";
			};
			name = Release;
		};
/* End XCBuildConfiguration section */

/* Begin XCConfigurationList section */
		99E6DD492C080E9B00C39820 /* Build configuration list for PBXProject "ToDoList-clean architecture" */ = {
			isa = XCConfigurationList;
			buildConfigurations = (
				99E6DD632C080EA000C39820 /* Debug */,
				99E6DD642C080EA000C39820 /* Release */,
			);
			defaultConfigurationIsVisible = 0;
			defaultConfigurationName = Release;
		};
		99E6DD652C080EA000C39820 /* Build configuration list for PBXNativeTarget "ToDoList-clean architecture" */ = {
			isa = XCConfigurationList;
			buildConfigurations = (
				99E6DD662C080EA000C39820 /* Debug */,
				99E6DD672C080EA000C39820 /* Release */,
			);
			defaultConfigurationIsVisible = 0;
			defaultConfigurationName = Release;
		};
/* End XCConfigurationList section */

/* Begin XCVersionGroup section */
		99E6DD5A2C080E9B00C39820 /* ToDoList_clean_architecture.xcdatamodeld */ = {
			isa = XCVersionGroup;
			children = (
				99E6DD5B2C080E9B00C39820 /* ToDoList_clean_architecture.xcdatamodel */,
			);
			currentVersion = 99E6DD5B2C080E9B00C39820 /* ToDoList_clean_architecture.xcdatamodel */;
			path = ToDoList_clean_architecture.xcdatamodeld;
			sourceTree = "<group>";
			versionGroupType = wrapper.xcdatamodel;
		};
/* End XCVersionGroup section */
	};
	rootObject = 99E6DD462C080E9B00C39820 /* Project object */;
}
